
Microsoft Visual Studio Solution File, Format Version 12.00
# Visual Studio 2013
VisualStudioVersion = 12.0.30110.0
MinimumVisualStudioVersion = 10.0.40219.1
Project("{FAE04EC0-301F-11D3-BF4B-00C04F79EFBC}") = "Tablouri", "Tablouri\Tablouri.csproj", "{E8CC8E17-BEC5-4E2F-81D7-3DB60BFB3EDB}"
EndProject
Global
	GlobalSection(SolutionConfigurationPlatforms) = preSolution
		Debug|Any CPU = Debug|Any CPU
		Release|Any CPU = Release|Any CPU
	EndGlobalSection
	GlobalSection(ProjectConfigurationPlatforms) = postSolution
		{E8CC8E17-BEC5-4E2F-81D7-3DB60BFB3EDB}.Debug|Any CPU.ActiveCfg = Debug|Any CPU
		{E8CC8E17-BEC5-4E2F-81D7-3DB60BFB3EDB}.Debug|Any CPU.Build.0 = Debug|Any CPU
		{E8CC8E17-BEC5-4E2F-81D7-3DB60BFB3EDB}.Release|Any CPU.ActiveCfg = Release|Any CPU
		{E8CC8E17-BEC5-4E2F-81D7-3DB60BFB3EDB}.Release|Any CPU.Build.0 = Release|Any CPU
	EndGlobalSection
	GlobalSection(SolutionProperties) = preSolution
		HideSolutionNode = FALSE
	EndGlobalSection
EndGlobal
